
Microsoft Visual Studio Solution File, Format Version 12.00
# Visual Studio 14
VisualStudioVersion = 14.0.24720.0
MinimumVisualStudioVersion = 10.0.40219.1
Project("{FAE04EC0-301F-11D3-BF4B-00C04F79EFBC}") = "FirmsChemVS.Test", "FirmsChemVS.Test\FirmsChemVS.Test.csproj", "{A6EB125A-9113-4B5E-AC69-148323386217}"
EndProject
Project("{FAE04EC0-301F-11D3-BF4B-00C04F79EFBC}") = "FirmsChemVS", "FirmsChemVS\FirmsChemVS.csproj", "{CD3FC52A-6ECA-4B63-954A-469E833C9830}"
EndProject
Project("{FAE04EC0-301F-11D3-BF4B-00C04F79EFBC}") = "FirmsChemWPF", "FirmsChemWPF\FirmsChemWPF.csproj", "{067641F9-16E1-4AF3-8D8C-0F9736142051}"
EndProject
Project("{FAE04EC0-301F-11D3-BF4B-00C04F79EFBC}") = "Binders", "Binders\Binders.csproj", "{67E66A6B-2196-43B8-89FF-3E189A65AB0C}"
EndProject
Project("{FAE04EC0-301F-11D3-BF4B-00C04F79EFBC}") = "Calculations", "Calculations\Calculations.csproj", "{173E7A11-6DA0-4A59-8FA5-2E783EFFE485}"
EndProject
Global
	GlobalSection(SolutionConfigurationPlatforms) = preSolution
		Debug|Any CPU = Debug|Any CPU
		Release|Any CPU = Release|Any CPU
	EndGlobalSection
	GlobalSection(ProjectConfigurationPlatforms) = postSolution
		{A6EB125A-9113-4B5E-AC69-148323386217}.Debug|Any CPU.ActiveCfg = Debug|Any CPU
		{A6EB125A-9113-4B5E-AC69-148323386217}.Debug|Any CPU.Build.0 = Debug|Any CPU
		{A6EB125A-9113-4B5E-AC69-148323386217}.Release|Any CPU.ActiveCfg = Release|Any CPU
		{A6EB125A-9113-4B5E-AC69-148323386217}.Release|Any CPU.Build.0 = Release|Any CPU
		{CD3FC52A-6ECA-4B63-954A-469E833C9830}.Debug|Any CPU.ActiveCfg = Debug|Any CPU
		{CD3FC52A-6ECA-4B63-954A-469E833C9830}.Debug|Any CPU.Build.0 = Debug|Any CPU
		{CD3FC52A-6ECA-4B63-954A-469E833C9830}.Release|Any CPU.ActiveCfg = Release|Any CPU
		{CD3FC52A-6ECA-4B63-954A-469E833C9830}.Release|Any CPU.Build.0 = Release|Any CPU
		{067641F9-16E1-4AF3-8D8C-0F9736142051}.Debug|Any CPU.ActiveCfg = Debug|Any CPU
		{067641F9-16E1-4AF3-8D8C-0F9736142051}.Debug|Any CPU.Build.0 = Debug|Any CPU
		{067641F9-16E1-4AF3-8D8C-0F9736142051}.Release|Any CPU.ActiveCfg = Release|Any CPU
		{067641F9-16E1-4AF3-8D8C-0F9736142051}.Release|Any CPU.Build.0 = Release|Any CPU
		{67E66A6B-2196-43B8-89FF-3E189A65AB0C}.Debug|Any CPU.ActiveCfg = Debug|Any CPU
		{67E66A6B-2196-43B8-89FF-3E189A65AB0C}.Debug|Any CPU.Build.0 = Debug|Any CPU
		{67E66A6B-2196-43B8-89FF-3E189A65AB0C}.Release|Any CPU.ActiveCfg = Release|Any CPU
		{67E66A6B-2196-43B8-89FF-3E189A65AB0C}.Release|Any CPU.Build.0 = Release|Any CPU
		{173E7A11-6DA0-4A59-8FA5-2E783EFFE485}.Debug|Any CPU.ActiveCfg = Debug|Any CPU
		{173E7A11-6DA0-4A59-8FA5-2E783EFFE485}.Debug|Any CPU.Build.0 = Debug|Any CPU
		{173E7A11-6DA0-4A59-8FA5-2E783EFFE485}.Release|Any CPU.ActiveCfg = Release|Any CPU
		{173E7A11-6DA0-4A59-8FA5-2E783EFFE485}.Release|Any CPU.Build.0 = Release|Any CPU
	EndGlobalSection
	GlobalSection(SolutionProperties) = preSolution
		HideSolutionNode = FALSE
	EndGlobalSection
EndGlobal
